
Microsoft Visual Studio Solution File, Format Version 12.00
Project("{FAE04EC0-301F-11D3-BF4B-00C04F79EFBC}") = "mps2asc", "mps2asc\mps2asc.csproj", "{FE61F52C-A24F-425A-9598-98A03D708CA9}"
EndProject
Global
	GlobalSection(SolutionConfigurationPlatforms) = preSolution
		Debug|Any CPU = Debug|Any CPU
		Release|Any CPU = Release|Any CPU
	EndGlobalSection
	GlobalSection(ProjectConfigurationPlatforms) = postSolution
		{FE61F52C-A24F-425A-9598-98A03D708CA9}.Debug|Any CPU.ActiveCfg = Debug|Any CPU
		{FE61F52C-A24F-425A-9598-98A03D708CA9}.Debug|Any CPU.Build.0 = Debug|Any CPU
		{FE61F52C-A24F-425A-9598-98A03D708CA9}.Release|Any CPU.ActiveCfg = Release|Any CPU
		{FE61F52C-A24F-425A-9598-98A03D708CA9}.Release|Any CPU.Build.0 = Release|Any CPU
	EndGlobalSection
EndGlobal
